
Microsoft Visual Studio Solution File, Format Version 12.00
# Visual Studio 15
Project("{FAE04EC0-301F-11D3-BF4B-00C04F79EFBC}") = "VuforiaScripts", "VuforiaScripts.csproj", "{3FD62406-EF8D-0767-8752-B115B7731A30}"
EndProject
Project("{FAE04EC0-301F-11D3-BF4B-00C04F79EFBC}") = "Assembly-CSharp", "Assembly-CSharp.csproj", "{4CFEB7EC-401F-D1BD-A15F-9D6C529E0EE2}"
EndProject
Project("{FAE04EC0-301F-11D3-BF4B-00C04F79EFBC}") = "VuforiaEditorScripts", "VuforiaEditorScripts.csproj", "{79E4BDF5-1E0D-0F62-6BE4-621CC95DC430}"
EndProject
Global
	GlobalSection(SolutionConfigurationPlatforms) = preSolution
		Debug|Any CPU = Debug|Any CPU
		Release|Any CPU = Release|Any CPU
	EndGlobalSection
	GlobalSection(ProjectConfigurationPlatforms) = postSolution
		{3FD62406-EF8D-0767-8752-B115B7731A30}.Debug|Any CPU.ActiveCfg = Debug|Any CPU
		{3FD62406-EF8D-0767-8752-B115B7731A30}.Debug|Any CPU.Build.0 = Debug|Any CPU
		{3FD62406-EF8D-0767-8752-B115B7731A30}.Release|Any CPU.ActiveCfg = Release|Any CPU
		{3FD62406-EF8D-0767-8752-B115B7731A30}.Release|Any CPU.Build.0 = Release|Any CPU
		{4CFEB7EC-401F-D1BD-A15F-9D6C529E0EE2}.Debug|Any CPU.ActiveCfg = Debug|Any CPU
		{4CFEB7EC-401F-D1BD-A15F-9D6C529E0EE2}.Debug|Any CPU.Build.0 = Debug|Any CPU
		{4CFEB7EC-401F-D1BD-A15F-9D6C529E0EE2}.Release|Any CPU.ActiveCfg = Release|Any CPU
		{4CFEB7EC-401F-D1BD-A15F-9D6C529E0EE2}.Release|Any CPU.Build.0 = Release|Any CPU
		{79E4BDF5-1E0D-0F62-6BE4-621CC95DC430}.Debug|Any CPU.ActiveCfg = Debug|Any CPU
		{79E4BDF5-1E0D-0F62-6BE4-621CC95DC430}.Debug|Any CPU.Build.0 = Debug|Any CPU
		{79E4BDF5-1E0D-0F62-6BE4-621CC95DC430}.Release|Any CPU.ActiveCfg = Release|Any CPU
		{79E4BDF5-1E0D-0F62-6BE4-621CC95DC430}.Release|Any CPU.Build.0 = Release|Any CPU
	EndGlobalSection
	GlobalSection(SolutionProperties) = preSolution
		HideSolutionNode = FALSE
	EndGlobalSection
EndGlobal
